// !$*UTF8*$!
{
	archiveVersion = 1;
	classes = {
	};
	objectVersion = 50;
	objects = {

/* Begin PBXBuildFile section */
		6729B24C272033EB0081C165 /* AppDelegate.swift in Sources */ = {isa = PBXBuildFile; fileRef = 6729B24B272033EB0081C165 /* AppDelegate.swift */; };
		6729B24E272033EB0081C165 /* SceneDelegate.swift in Sources */ = {isa = PBXBuildFile; fileRef = 6729B24D272033EB0081C165 /* SceneDelegate.swift */; };
		6729B250272033EB0081C165 /* ViewController.swift in Sources */ = {isa = PBXBuildFile; fileRef = 6729B24F272033EB0081C165 /* ViewController.swift */; };
		6729B253272033EB0081C165 /* Main.storyboard in Resources */ = {isa = PBXBuildFile; fileRef = 6729B251272033EB0081C165 /* Main.storyboard */; };
		6729B255272033EC0081C165 /* Assets.xcassets in Resources */ = {isa = PBXBuildFile; fileRef = 6729B254272033EC0081C165 /* Assets.xcassets */; };
		6729B258272033EC0081C165 /* LaunchScreen.storyboard in Resources */ = {isa = PBXBuildFile; fileRef = 6729B256272033EC0081C165 /* LaunchScreen.storyboard */; };
		6729B260272037F80081C165 /* SecondStoryboard.storyboard in Resources */ = {isa = PBXBuildFile; fileRef = 6729B25F272037F80081C165 /* SecondStoryboard.storyboard */; };
		6729B263272194690081C165 /* Wicked Halloween.ttf in Resources */ = {isa = PBXBuildFile; fileRef = 6729B262272194690081C165 /* Wicked Halloween.ttf */; };
		6729B26527219DCD0081C165 /* FirstStoryboard.storyboard in Resources */ = {isa = PBXBuildFile; fileRef = 6729B26427219DCD0081C165 /* FirstStoryboard.storyboard */; };
		673591E92726C56F00941AAD /* AlertViewCreator.swift in Sources */ = {isa = PBXBuildFile; fileRef = 673591E82726C56F00941AAD /* AlertViewCreator.swift */; };
/* End PBXBuildFile section */

/* Begin PBXFileReference section */
		6729B248272033EB0081C165 /* Week6.app */ = {isa = PBXFileReference; explicitFileType = wrapper.application; includeInIndex = 0; path = Week6.app; sourceTree = BUILT_PRODUCTS_DIR; };
		6729B24B272033EB0081C165 /* AppDelegate.swift */ = {isa = PBXFileReference; lastKnownFileType = sourcecode.swift; path = AppDelegate.swift; sourceTree = "<group>"; };
		6729B24D272033EB0081C165 /* SceneDelegate.swift */ = {isa = PBXFileReference; lastKnownFileType = sourcecode.swift; path = SceneDelegate.swift; sourceTree = "<group>"; };
		6729B24F272033EB0081C165 /* ViewController.swift */ = {isa = PBXFileReference; lastKnownFileType = sourcecode.swift; path = ViewController.swift; sourceTree = "<group>"; };
		6729B252272033EB0081C165 /* Base */ = {isa = PBXFileReference; lastKnownFileType = file.storyboard; name = Base; path = Base.lproj/Main.storyboard; sourceTree = "<group>"; };
		6729B254272033EC0081C165 /* Assets.xcassets */ = {isa = PBXFileReference; lastKnownFileType = folder.assetcatalog; path = Assets.xcassets; sourceTree = "<group>"; };
		6729B257272033EC0081C165 /* Base */ = {isa = PBXFileReference; lastKnownFileType = file.storyboard; name = Base; path = Base.lproj/LaunchScreen.storyboard; sourceTree = "<group>"; };
		6729B259272033EC0081C165 /* Info.plist */ = {isa = PBXFileReference; lastKnownFileType = text.plist.xml; path = Info.plist; sourceTree = "<group>"; };
		6729B25F272037F80081C165 /* SecondStoryboard.storyboard */ = {isa = PBXFileReference; lastKnownFileType = file.storyboard; path = SecondStoryboard.storyboard; sourceTree = "<group>"; };
		6729B262272194690081C165 /* Wicked Halloween.ttf */ = {isa = PBXFileReference; lastKnownFileType = file; path = "Wicked Halloween.ttf"; sourceTree = "<group>"; };
		6729B26427219DCD0081C165 /* FirstStoryboard.storyboard */ = {isa = PBXFileReference; lastKnownFileType = file.storyboard; path = FirstStoryboard.storyboard; sourceTree = "<group>"; };
		673591E82726C56F00941AAD /* AlertViewCreator.swift */ = {isa = PBXFileReference; lastKnownFileType = sourcecode.swift; path = AlertViewCreator.swift; sourceTree = "<group>"; };
/* End PBXFileReference section */

/* Begin PBXFrameworksBuildPhase section */
		6729B245272033EB0081C165 /* Frameworks */ = {
			isa = PBXFrameworksBuildPhase;
			buildActionMask = 2147483647;
			files = (
			);
			runOnlyForDeploymentPostprocessing = 0;
		};
/* End PBXFrameworksBuildPhase section */

/* Begin PBXGroup section */
		6729B23F272033EB0081C165 = {
			isa = PBXGroup;
			children = (
				6729B24A272033EB0081C165 /* Week6 */,
				6729B249272033EB0081C165 /* Products */,
			);
			sourceTree = "<group>";
		};
		6729B249272033EB0081C165 /* Products */ = {
			isa = PBXGroup;
			children = (
				6729B248272033EB0081C165 /* Week6.app */,
			);
			name = Products;
			sourceTree = "<group>";
		};
		6729B24A272033EB0081C165 /* Week6 */ = {
			isa = PBXGroup;
			children = (
				673591EB2726CD0700941AAD /* View */,
				673591EA2726CCFD00941AAD /* Controller */,
				6729B261272194250081C165 /* Fonts */,
				6729B24B272033EB0081C165 /* AppDelegate.swift */,
				6729B24D272033EB0081C165 /* SceneDelegate.swift */,
				6729B254272033EC0081C165 /* Assets.xcassets */,
				6729B256272033EC0081C165 /* LaunchScreen.storyboard */,
				6729B259272033EC0081C165 /* Info.plist */,
			);
			path = Week6;
			sourceTree = "<group>";
		};
		6729B261272194250081C165 /* Fonts */ = {
			isa = PBXGroup;
			children = (
				6729B262272194690081C165 /* Wicked Halloween.ttf */,
			);
			path = Fonts;
			sourceTree = "<group>";
		};
		673591EA2726CCFD00941AAD /* Controller */ = {
			isa = PBXGroup;
			children = (
				6729B24F272033EB0081C165 /* ViewController.swift */,
				673591E82726C56F00941AAD /* AlertViewCreator.swift */,
			);
			path = Controller;
			sourceTree = "<group>";
		};
		673591EB2726CD0700941AAD /* View */ = {
			isa = PBXGroup;
			children = (
				6729B251272033EB0081C165 /* Main.storyboard */,
				6729B25F272037F80081C165 /* SecondStoryboard.storyboard */,
				6729B26427219DCD0081C165 /* FirstStoryboard.storyboard */,
			);
			path = View;
			sourceTree = "<group>";
		};
/* End PBXGroup section */

/* Begin PBXNativeTarget section */
		6729B247272033EB0081C165 /* Week6 */ = {
			isa = PBXNativeTarget;
			buildConfigurationList = 6729B25C272033EC0081C165 /* Build configuration list for PBXNativeTarget "Week6" */;
			buildPhases = (
				6729B244272033EB0081C165 /* Sources */,
				6729B245272033EB0081C165 /* Frameworks */,
				6729B246272033EB0081C165 /* Resources */,
			);
			buildRules = (
			);
			dependencies = (
			);
			name = Week6;
			productName = Week6;
			productReference = 6729B248272033EB0081C165 /* Week6.app */;
			productType = "com.apple.product-type.application";
		};
/* End PBXNativeTarget section */

/* Begin PBXProject section */
		6729B240272033EB0081C165 /* Project object */ = {
			isa = PBXProject;
			attributes = {
				LastSwiftUpdateCheck = 1250;
				LastUpgradeCheck = 1250;
				TargetAttributes = {
					6729B247272033EB0081C165 = {
						CreatedOnToolsVersion = 12.5.1;
					};
				};
			};
			buildConfigurationList = 6729B243272033EB0081C165 /* Build configuration list for PBXProject "Week6" */;
			compatibilityVersion = "Xcode 9.3";
			developmentRegion = en;
			hasScannedForEncodings = 0;
			knownRegions = (
				en,
				Base,
			);
			mainGroup = 6729B23F272033EB0081C165;
			productRefGroup = 6729B249272033EB0081C165 /* Products */;
			projectDirPath = "";
			projectRoot = "";
			targets = (
				6729B247272033EB0081C165 /* Week6 */,
			);
		};
/* End PBXProject section */

/* Begin PBXResourcesBuildPhase section */
		6729B246272033EB0081C165 /* Resources */ = {
			isa = PBXResourcesBuildPhase;
			buildActionMask = 2147483647;
			files = (
				6729B26527219DCD0081C165 /* FirstStoryboard.storyboard in Resources */,
				6729B258272033EC0081C165 /* LaunchScreen.storyboard in Resources */,
				6729B255272033EC0081C165 /* Assets.xcassets in Resources */,
				6729B263272194690081C165 /* Wicked Halloween.ttf in Resources */,
				6729B253272033EB0081C165 /* Main.storyboard in Resources */,
				6729B260272037F80081C165 /* SecondStoryboard.storyboard in Resources */,
			);
			runOnlyForDeploymentPostprocessing = 0;
		};
/* End PBXResourcesBuildPhase section */

/* Begin PBXSourcesBuildPhase section */
		6729B244272033EB0081C165 /* Sources */ = {
			isa = PBXSourcesBuildPhase;
			buildActionMask = 2147483647;
			files = (
				6729B250272033EB0081C165 /* ViewController.swift in Sources */,
				6729B24C272033EB0081C165 /* AppDelegate.swift in Sources */,
				673591E92726C56F00941AAD /* AlertViewCreator.swift in Sources */,
				6729B24E272033EB0081C165 /* SceneDelegate.swift in Sources */,
			);
			runOnlyForDeploymentPostprocessing = 0;
		};
/* End PBXSourcesBuildPhase section */

/* Begin PBXVariantGroup section */
		6729B251272033EB0081C165 /* Main.storyboard */ = {
			isa = PBXVariantGroup;
			children = (
				6729B252272033EB0081C165 /* Base */,
			);
			name = Main.storyboard;
			sourceTree = "<group>";
		};
		6729B256272033EC0081C165 /* LaunchScreen.storyboard */ = {
			isa = PBXVariantGroup;
			children = (
				6729B257272033EC0081C165 /* Base */,
			);
			name = LaunchScreen.storyboard;
			sourceTree = "<group>";
		};
/* End PBXVariantGroup section */

/* Begin XCBuildConfiguration section */
		6729B25A272033EC0081C165 /* Debug */ = {
			isa = XCBuildConfiguration;
			buildSettings = {
				ALWAYS_SEARCH_USER_PATHS = NO;
				CLANG_ANALYZER_NONNULL = YES;
				CLANG_ANALYZER_NUMBER_OBJECT_CONVERSION = YES_AGGRESSIVE;
				CLANG_CXX_LANGUAGE_STANDARD = "gnu++14";
				CLANG_CXX_LIBRARY = "libc++";
				CLANG_ENABLE_MODULES = YES;
				CLANG_ENABLE_OBJC_ARC = YES;
				CLANG_ENABLE_OBJC_WEAK = YES;
				CLANG_WARN_BLOCK_CAPTURE_AUTORELEASING = YES;
				CLANG_WARN_BOOL_CONVERSION = YES;
				CLANG_WARN_COMMA = YES;
				CLANG_WARN_CONSTANT_CONVERSION = YES;
				CLANG_WARN_DEPRECATED_OBJC_IMPLEMENTATIONS = YES;
				CLANG_WARN_DIRECT_OBJC_ISA_USAGE = YES_ERROR;
				CLANG_WARN_DOCUMENTATION_COMMENTS = YES;
				CLANG_WARN_EMPTY_BODY = YES;
				CLANG_WARN_ENUM_CONVERSION = YES;
				CLANG_WARN_INFINITE_RECURSION = YES;
				CLANG_WARN_INT_CONVERSION = YES;
				CLANG_WARN_NON_LITERAL_NULL_CONVERSION = YES;
				CLANG_WARN_OBJC_IMPLICIT_RETAIN_SELF = YES;
				CLANG_WARN_OBJC_LITERAL_CONVERSION = YES;
				CLANG_WARN_OBJC_ROOT_CLASS = YES_ERROR;
				CLANG_WARN_QUOTED_INCLUDE_IN_FRAMEWORK_HEADER = YES;
				CLANG_WARN_RANGE_LOOP_ANALYSIS = YES;
				CLANG_WARN_STRICT_PROTOTYPES = YES;
				CLANG_WARN_SUSPICIOUS_MOVE = YES;
				CLANG_WARN_UNGUARDED_AVAILABILITY = YES_AGGRESSIVE;
				CLANG_WARN_UNREACHABLE_CODE = YES;
				CLANG_WARN__DUPLICATE_METHOD_MATCH = YES;
				COPY_PHASE_STRIP = NO;
				DEBUG_INFORMATION_FORMAT = dwarf;
				ENABLE_STRICT_OBJC_MSGSEND = YES;
				ENABLE_TESTABILITY = YES;
				GCC_C_LANGUAGE_STANDARD = gnu11;
				GCC_DYNAMIC_NO_PIC = NO;
				GCC_NO_COMMON_BLOCKS = YES;
				GCC_OPTIMIZATION_LEVEL = 0;
				GCC_PREPROCESSOR_DEFINITIONS = (
					"DEBUG=1",
					"$(inherited)",
				);
				GCC_WARN_64_TO_32_BIT_CONVERSION = YES;
				GCC_WARN_ABOUT_RETURN_TYPE = YES_ERROR;
				GCC_WARN_UNDECLARED_SELECTOR = YES;
				GCC_WARN_UNINITIALIZED_AUTOS = YES_AGGRESSIVE;
				GCC_WARN_UNUSED_FUNCTION = YES;
				GCC_WARN_UNUSED_VARIABLE = YES;
				IPHONEOS_DEPLOYMENT_TARGET = 14.5;
				MTL_ENABLE_DEBUG_INFO = INCLUDE_SOURCE;
				MTL_FAST_MATH = YES;
				ONLY_ACTIVE_ARCH = YES;
				SDKROOT = iphoneos;
				SWIFT_ACTIVE_COMPILATION_CONDITIONS = DEBUG;
				SWIFT_OPTIMIZATION_LEVEL = "-Onone";
			};
			name = Debug;
		};
		6729B25B272033EC0081C165 /* Release */ = {
			isa = XCBuildConfiguration;
			buildSettings = {
				ALWAYS_SEARCH_USER_PATHS = NO;
				CLANG_ANALYZER_NONNULL = YES;
				CLANG_ANALYZER_NUMBER_OBJECT_CONVERSION = YES_AGGRESSIVE;
				CLANG_CXX_LANGUAGE_STANDARD = "gnu++14";
				CLANG_CXX_LIBRARY = "libc++";
				CLANG_ENABLE_MODULES = YES;
				CLANG_ENABLE_OBJC_ARC = YES;
				CLANG_ENABLE_OBJC_WEAK = YES;
				CLANG_WARN_BLOCK_CAPTURE_AUTORELEASING = YES;
				CLANG_WARN_BOOL_CONVERSION = YES;
				CLANG_WARN_COMMA = YES;
				CLANG_WARN_CONSTANT_CONVERSION = YES;
				CLANG_WARN_DEPRECATED_OBJC_IMPLEMENTATIONS = YES;
				CLANG_WARN_DIRECT_OBJC_ISA_USAGE = YES_ERROR;
				CLANG_WARN_DOCUMENTATION_COMMENTS = YES;
				CLANG_WARN_EMPTY_BODY = YES;
				CLANG_WARN_ENUM_CONVERSION = YES;
				CLANG_WARN_INFINITE_RECURSION = YES;
				CLANG_WARN_INT_CONVERSION = YES;
				CLANG_WARN_NON_LITERAL_NULL_CONVERSION = YES;
				CLANG_WARN_OBJC_IMPLICIT_RETAIN_SELF = YES;
				CLANG_WARN_OBJC_LITERAL_CONVERSION = YES;
				CLANG_WARN_OBJC_ROOT_CLASS = YES_ERROR;
				CLANG_WARN_QUOTED_INCLUDE_IN_FRAMEWORK_HEADER = YES;
				CLANG_WARN_RANGE_LOOP_ANALYSIS = YES;
				CLANG_WARN_STRICT_PROTOTYPES = YES;
				CLANG_WARN_SUSPICIOUS_MOVE = YES;
				CLANG_WARN_UNGUARDED_AVAILABILITY = YES_AGGRESSIVE;
				CLANG_WARN_UNREACHABLE_CODE = YES;
				CLANG_WARN__DUPLICATE_METHOD_MATCH = YES;
				COPY_PHASE_STRIP = NO;
				DEBUG_INFORMATION_FORMAT = "dwarf-with-dsym";
				ENABLE_NS_ASSERTIONS = NO;
				ENABLE_STRICT_OBJC_MSGSEND = YES;
				GCC_C_LANGUAGE_STANDARD = gnu11;
				GCC_NO_COMMON_BLOCKS = YES;
				GCC_WARN_64_TO_32_BIT_CONVERSION = YES;
				GCC_WARN_ABOUT_RETURN_TYPE = YES_ERROR;
				GCC_WARN_UNDECLARED_SELECTOR = YES;
				GCC_WARN_UNINITIALIZED_AUTOS = YES_AGGRESSIVE;
				GCC_WARN_UNUSED_FUNCTION = YES;
				GCC_WARN_UNUSED_VARIABLE = YES;
				IPHONEOS_DEPLOYMENT_TARGET = 14.5;
				MTL_ENABLE_DEBUG_INFO = NO;
				MTL_FAST_MATH = YES;
				SDKROOT = iphoneos;
				SWIFT_COMPILATION_MODE = wholemodule;
				SWIFT_OPTIMIZATION_LEVEL = "-O";
				VALIDATE_PRODUCT = YES;
			};
			name = Release;
		};
		6729B25D272033EC0081C165 /* Debug */ = {
			isa = XCBuildConfiguration;
			buildSettings = {
				ASSETCATALOG_COMPILER_APPICON_NAME = AppIcon;
				ASSETCATALOG_COMPILER_GLOBAL_ACCENT_COLOR_NAME = AccentColor;
				CODE_SIGN_STYLE = Automatic;
				DEVELOPMENT_TEAM = BNK334U5U9;
				INFOPLIST_FILE = Week6/Info.plist;
				LD_RUNPATH_SEARCH_PATHS = (
					"$(inherited)",
					"@executable_path/Frameworks",
				);
				PRODUCT_BUNDLE_IDENTIFIER = com.mehmetsalihcelik.Week6;
				PRODUCT_NAME = "$(TARGET_NAME)";
				SWIFT_VERSION = 5.0;
				TARGETED_DEVICE_FAMILY = "1,2";
			};
			name = Debug;
		};
		6729B25E272033EC0081C165 /* Release */ = {
			isa = XCBuildConfiguration;
			buildSettings = {
				ASSETCATALOG_COMPILER_APPICON_NAME = AppIcon;
				ASSETCATALOG_COMPILER_GLOBAL_ACCENT_COLOR_NAME = AccentColor;
				CODE_SIGN_STYLE = Automatic;
				DEVELOPMENT_TEAM = BNK334U5U9;
				INFOPLIST_FILE = Week6/Info.plist;
				LD_RUNPATH_SEARCH_PATHS = (
					"$(inherited)",
					"@executable_path/Frameworks",
				);
				PRODUCT_BUNDLE_IDENTIFIER = com.mehmetsalihcelik.Week6;
				PRODUCT_NAME = "$(TARGET_NAME)";
				SWIFT_VERSION = 5.0;
				TARGETED_DEVICE_FAMILY = "1,2";
			};
			name = Release;
		};
/* End XCBuildConfiguration section */

/* Begin XCConfigurationList section */
		6729B243272033EB0081C165 /* Build configuration list for PBXProject "Week6" */ = {
			isa = XCConfigurationList;
			buildConfigurations = (
				6729B25A272033EC0081C165 /* Debug */,
				6729B25B272033EC0081C165 /* Release */,
			);
			defaultConfigurationIsVisible = 0;
			defaultConfigurationName = Release;
		};
		6729B25C272033EC0081C165 /* Build configuration list for PBXNativeTarget "Week6" */ = {
			isa = XCConfigurationList;
			buildConfigurations = (
				6729B25D272033EC0081C165 /* Debug */,
				6729B25E272033EC0081C165 /* Release */,
			);
			defaultConfigurationIsVisible = 0;
			defaultConfigurationName = Release;
		};
/* End XCConfigurationList section */
	};
	rootObject = 6729B240272033EB0081C165 /* Project object */;
}
